
Microsoft Visual Studio Solution File, Format Version 12.00
# Visual Studio Version 17
VisualStudioVersion = 17.0.31919.166
MinimumVisualStudioVersion = 10.0.40219.1
Project("{F184B08F-C81C-45F6-A57F-5ABD9991F28F}") = "Sistema_ventas", "Sistema_ventas\Sistema_ventas.vbproj", "{BD304580-A160-4D55-A070-438A8492C763}"
EndProject
Global
	GlobalSection(SolutionConfigurationPlatforms) = preSolution
		Debug|Any CPU = Debug|Any CPU
		Debug|x64 = Debug|x64
		Release|Any CPU = Release|Any CPU
		Release|x64 = Release|x64
	EndGlobalSection
	GlobalSection(ProjectConfigurationPlatforms) = postSolution
		{BD304580-A160-4D55-A070-438A8492C763}.Debug|Any CPU.ActiveCfg = Debug|x64
		{BD304580-A160-4D55-A070-438A8492C763}.Debug|Any CPU.Build.0 = Debug|x64
		{BD304580-A160-4D55-A070-438A8492C763}.Debug|x64.ActiveCfg = Debug|x64
		{BD304580-A160-4D55-A070-438A8492C763}.Debug|x64.Build.0 = Debug|x64
		{BD304580-A160-4D55-A070-438A8492C763}.Release|Any CPU.ActiveCfg = Release|Any CPU
		{BD304580-A160-4D55-A070-438A8492C763}.Release|Any CPU.Build.0 = Release|Any CPU
		{BD304580-A160-4D55-A070-438A8492C763}.Release|x64.ActiveCfg = Release|x64
		{BD304580-A160-4D55-A070-438A8492C763}.Release|x64.Build.0 = Release|x64
	EndGlobalSection
	GlobalSection(SolutionProperties) = preSolution
		HideSolutionNode = FALSE
	EndGlobalSection
	GlobalSection(ExtensibilityGlobals) = postSolution
		SolutionGuid = {58E143F5-13F5-4D82-B087-9B868CE2016F}
	EndGlobalSection
EndGlobal
